{
  "requires": true,
  "lockfileVersion": 1,
  "dependencies": {
    "d3": {
      "version": "3.5.17",
      "resolved": "https://registry.npmjs.org/d3/-/d3-3.5.17.tgz",
      "integrity": "sha1-vEZ0gAQ3iyGjYMn8fPUjF5B2L7g="
    },
    "rickshaw": {
      "version": "1.6.3",
      "resolved": "https://registry.npmjs.org/rickshaw/-/rickshaw-1.6.3.tgz",
      "integrity": "sha512-htUcXc9msADGjVX4VuezdoaAdDaWKO7vbWtLN6YCwWv3wJb0Hkeuq/qSFsp57k4JOT8ogxdYll17FIwDI1c8xg==",
      "requires": {
        "d3": "3.5.17"
      }
    }
  }
}
